
Microsoft Visual Studio Solution File, Format Version 12.00
# Visual Studio Version 17
VisualStudioVersion = 17.5.33627.172
MinimumVisualStudioVersion = 10.0.40219.1
Project("{FAE04EC0-301F-11D3-BF4B-00C04F79EFBC}") = "WebApplication", "WebApplication\WebApplication.csproj", "{56676346-5B43-4C4A-BB35-0A13128C532D}"
EndProject
Project("{FAE04EC0-301F-11D3-BF4B-00C04F79EFBC}") = "BusinessModels", "BusinessModels\BusinessModels.csproj", "{8EDEAF62-94C5-4574-BC5D-67D6097FA3DA}"
EndProject
Project("{FAE04EC0-301F-11D3-BF4B-00C04F79EFBC}") = "BusinessLayer", "BusinessLayer\BusinessLayer.csproj", "{0EFEF05C-96F4-497E-94D9-366B320B3957}"
EndProject
Project("{FAE04EC0-301F-11D3-BF4B-00C04F79EFBC}") = "DataLayer", "DataLayer\DataLayer.csproj", "{CF205A3D-D7DB-46AA-9BE5-BE202669A7FD}"
EndProject
Global
	GlobalSection(SolutionConfigurationPlatforms) = preSolution
		Debug|Any CPU = Debug|Any CPU
		Release|Any CPU = Release|Any CPU
	EndGlobalSection
	GlobalSection(ProjectConfigurationPlatforms) = postSolution
		{56676346-5B43-4C4A-BB35-0A13128C532D}.Debug|Any CPU.ActiveCfg = Debug|Any CPU
		{56676346-5B43-4C4A-BB35-0A13128C532D}.Debug|Any CPU.Build.0 = Debug|Any CPU
		{56676346-5B43-4C4A-BB35-0A13128C532D}.Release|Any CPU.ActiveCfg = Release|Any CPU
		{56676346-5B43-4C4A-BB35-0A13128C532D}.Release|Any CPU.Build.0 = Release|Any CPU
		{8EDEAF62-94C5-4574-BC5D-67D6097FA3DA}.Debug|Any CPU.ActiveCfg = Debug|Any CPU
		{8EDEAF62-94C5-4574-BC5D-67D6097FA3DA}.Debug|Any CPU.Build.0 = Debug|Any CPU
		{8EDEAF62-94C5-4574-BC5D-67D6097FA3DA}.Release|Any CPU.ActiveCfg = Release|Any CPU
		{8EDEAF62-94C5-4574-BC5D-67D6097FA3DA}.Release|Any CPU.Build.0 = Release|Any CPU
		{0EFEF05C-96F4-497E-94D9-366B320B3957}.Debug|Any CPU.ActiveCfg = Debug|Any CPU
		{0EFEF05C-96F4-497E-94D9-366B320B3957}.Debug|Any CPU.Build.0 = Debug|Any CPU
		{0EFEF05C-96F4-497E-94D9-366B320B3957}.Release|Any CPU.ActiveCfg = Release|Any CPU
		{0EFEF05C-96F4-497E-94D9-366B320B3957}.Release|Any CPU.Build.0 = Release|Any CPU
		{CF205A3D-D7DB-46AA-9BE5-BE202669A7FD}.Debug|Any CPU.ActiveCfg = Debug|Any CPU
		{CF205A3D-D7DB-46AA-9BE5-BE202669A7FD}.Debug|Any CPU.Build.0 = Debug|Any CPU
		{CF205A3D-D7DB-46AA-9BE5-BE202669A7FD}.Release|Any CPU.ActiveCfg = Release|Any CPU
		{CF205A3D-D7DB-46AA-9BE5-BE202669A7FD}.Release|Any CPU.Build.0 = Release|Any CPU
	EndGlobalSection
	GlobalSection(SolutionProperties) = preSolution
		HideSolutionNode = FALSE
	EndGlobalSection
	GlobalSection(ExtensibilityGlobals) = postSolution
		SolutionGuid = {1E779169-F5F6-4E60-B0D0-C21E5FFD807F}
	EndGlobalSection
EndGlobal
